[[package]]
category = "main"
description = "A database migration tool for SQLAlchemy."
name = "alembic"
optional = false
python-versions = ">=2.7, !=3.0.*, !=3.1.*, !=3.2.*, !=3.3.*"
version = "1.0.8"

[package.dependencies]
Mako = "*"
SQLAlchemy = ">=0.9.0"
python-dateutil = "*"
python-editor = ">=0.3"

[[package]]
category = "main"
description = "An asyncio PosgtreSQL driver"
name = "asyncpg"
optional = false
python-versions = ">=3.5.0"
version = "0.18.3"

[[package]]
category = "main"
description = "multi-library, cross-platform audio decoding"
name = "audioread"
optional = false
python-versions = "*"
version = "2.1.8"

[[package]]
category = "main"
description = "Modern password hashing for your software and your servers"
marker = "extra == \"bcrypt\""
name = "bcrypt"
optional = false
python-versions = ">=2.7, !=3.0.*, !=3.1.*, !=3.2.*, !=3.3.*"
version = "3.1.6"

[package.dependencies]
cffi = ">=1.1"
six = ">=1.4.1"

[[package]]
category = "main"
description = "Python package for providing Mozilla's CA Bundle."
name = "certifi"
optional = false
python-versions = "*"
version = "2019.6.16"

[[package]]
category = "main"
description = "Foreign Function Interface for Python calling C code."
name = "cffi"
optional = false
python-versions = "*"
version = "1.12.2"

[package.dependencies]
pycparser = "*"

[[package]]
category = "main"
description = "Universal encoding detector for Python 2 and 3"
name = "chardet"
optional = false
python-versions = "*"
version = "3.0.4"

[[package]]
category = "main"
description = "Composable command line interface toolkit"
name = "click"
optional = false
python-versions = ">=2.7, !=3.0.*, !=3.1.*, !=3.2.*, !=3.3.*"
version = "7.0"

[[package]]
category = "main"
description = "cryptography is a package which provides cryptographic recipes and primitives to Python developers."
name = "cryptography"
optional = false
python-versions = ">=2.7,!=3.0.*,!=3.1.*,!=3.2.*,!=3.3.*"
version = "2.8"

[package.dependencies]
cffi = ">=1.8,<1.11.3 || >1.11.3"
six = ">=1.4.1"

[[package]]
category = "main"
description = "Async database support for Python."
name = "databases"
optional = false
python-versions = ">=3.6"
version = "0.2.1"

[package.dependencies]
sqlalchemy = "*"

[[package]]
category = "main"
description = "Better living through Python with decorators"
name = "decorator"
optional = false
python-versions = ">=2.6, !=3.0.*, !=3.1.*"
version = "4.4.0"

[[package]]
category = "main"
description = "DNS toolkit"
marker = "extra == \"email\""
name = "dnspython"
optional = false
python-versions = ">=2.7, !=3.0.*, !=3.1.*, !=3.2.*, !=3.3.*"
version = "1.16.0"

[[package]]
category = "main"
description = "A robust email syntax and deliverability validation library for Python 2.x/3.x."
marker = "extra == \"email\""
name = "email-validator"
optional = false
python-versions = "*"
version = "1.0.3"

[package.dependencies]
dnspython = ">=1.15.0"
idna = ">=2.0.0"

[[package]]
category = "main"
description = "FastAPI framework, high performance, easy to learn, fast to code, ready for production"
name = "fastapi"
optional = false
python-versions = ">=3.6"
version = "0.13.0"

[package.dependencies]
pydantic = ">=0.17,<=0.21.0"
starlette = "0.11.1"

[[package]]
category = "main"
description = "Using SQLAlchemy with Spatial Databases"
name = "geoalchemy2"
optional = false
python-versions = "*"
version = "0.6.3"

[package.dependencies]
SQLAlchemy = ">=0.8"

[[package]]
category = "main"
description = "WSGI HTTP Server for UNIX"
name = "gunicorn"
optional = false
python-versions = ">=2.6, !=3.0.*, !=3.1.*"
version = "19.9.0"

[[package]]
category = "main"
description = "A pure-Python, bring-your-own-I/O implementation of HTTP/1.1"
name = "h11"
optional = false
python-versions = "*"
version = "0.8.1"

[[package]]
category = "main"
description = "A collection of framework independent HTTP protocol utils."
marker = "sys_platform != \"win32\" and sys_platform != \"cygwin\" and platform_python_implementation != \"pypy\""
name = "httptools"
optional = false
python-versions = "*"
version = "0.0.13"

[[package]]
category = "main"
description = "Internationalized Domain Names in Applications (IDNA)"
name = "idna"
optional = false
python-versions = ">=2.7, !=3.0.*, !=3.1.*, !=3.2.*, !=3.3.*"
version = "2.8"

[[package]]
category = "main"
description = "Lightweight pipelining: using Python functions as pipeline jobs."
name = "joblib"
optional = false
python-versions = "*"
version = "0.13.2"

[[package]]
category = "main"
description = "JSON Web Token library for Python 3."
name = "jwt"
optional = false
python-versions = "*"
version = "0.6.1"

[package.dependencies]
cryptography = ">=2.2.2,<3"

[[package]]
category = "main"
description = "Python module for audio and music processing"
name = "librosa"
optional = false
python-versions = "*"
version = "0.7.0"

[package.dependencies]
audioread = ">=2.0.0"
decorator = ">=3.0.0"
joblib = ">=0.12"
numba = ">=0.38.0"
numpy = ">=1.15.0"
resampy = ">=0.2.0"
scikit-learn = ">=0.14.0,<0.19.0 || >0.19.0"
scipy = ">=1.0.0"
six = ">=1.3"
soundfile = ">=0.9.0"

[[package]]
category = "main"
description = "lightweight wrapper around basic LLVM functionality"
name = "llvmlite"
optional = false
python-versions = "*"
version = "0.29.0"

[[package]]
category = "main"
description = "A super-fast templating language that borrows the  best ideas from the existing templating languages."
name = "mako"
optional = false
python-versions = ">=2.6"
version = "1.0.8"

[package.dependencies]
MarkupSafe = ">=0.9.2"

[[package]]
category = "main"
description = "Safely add untrusted strings to HTML/XML markup."
name = "markupsafe"
optional = false
python-versions = ">=2.7,!=3.0.*,!=3.1.*,!=3.2.*,!=3.3.*"
version = "1.1.1"

[[package]]
category = "main"
description = "compiling Python code using LLVM"
name = "numba"
optional = false
python-versions = "*"
version = "0.45.1"

[package.dependencies]
llvmlite = ">=0.29.0dev0"
numpy = "*"

[[package]]
category = "main"
description = "NumPy is the fundamental package for array computing with Python."
name = "numpy"
optional = false
python-versions = ">=3.5"
version = "1.17.2"

[[package]]
category = "main"
description = "comprehensive password hashing framework supporting over 30 schemes"
name = "passlib"
optional = false
python-versions = "*"
version = "1.7.1"

[package.dependencies]
bcrypt = ">=3.1.0"

[[package]]
category = "main"
description = "psycopg2 - Python-PostgreSQL Database Adapter"
name = "psycopg2-binary"
optional = false
python-versions = ">=2.7,!=3.0.*,!=3.1.*,!=3.2.*,!=3.3.*"
version = "2.8.1"

[[package]]
category = "main"
description = "C parser in Python"
name = "pycparser"
optional = false
python-versions = ">=2.7, !=3.0.*, !=3.1.*, !=3.2.*, !=3.3.*"
version = "2.19"

[[package]]
category = "main"
description = "Data validation and settings management using python 3.6 type hinting"
name = "pydantic"
optional = false
python-versions = ">=3.6"
version = "0.21"

[package.dependencies]
email-validator = ">=1.0.3"

[[package]]
category = "main"
description = "JSON Web Token implementation in Python"
name = "pyjwt"
optional = false
python-versions = "*"
version = "1.7.1"

[[package]]
category = "main"
description = "Extensions to the standard Python datetime module"
name = "python-dateutil"
optional = false
python-versions = ">=2.7, !=3.0.*, !=3.1.*, !=3.2.*"
version = "2.8.0"

[package.dependencies]
six = ">=1.5"

[[package]]
category = "main"
description = "Add .env support to your django/flask apps in development and deployments"
name = "python-dotenv"
optional = false
python-versions = "*"
version = "0.10.1"

[[package]]
category = "main"
description = "Programmatically open an editor, capture the result."
name = "python-editor"
optional = false
python-versions = "*"
version = "1.0.4"

[[package]]
category = "main"
description = "A streaming multipart parser for Python"
name = "python-multipart"
optional = false
python-versions = "*"
version = "0.0.5"

[package.dependencies]
six = ">=1.4.0"

[[package]]
category = "main"
description = "A Python Slugify application that handles Unicode"
name = "python-slugify"
optional = false
python-versions = "*"
version = "3.0.2"

[package.dependencies]
text-unidecode = "1.2"

[[package]]
category = "main"
description = "Python HTTP for Humans."
name = "requests"
optional = false
python-versions = ">=2.7, !=3.0.*, !=3.1.*, !=3.2.*, !=3.3.*, !=3.4.*"
version = "2.22.0"

[package.dependencies]
certifi = ">=2017.4.17"
chardet = ">=3.0.2,<3.1.0"
idna = ">=2.5,<2.9"
urllib3 = ">=1.21.1,<1.25.0 || >1.25.0,<1.25.1 || >1.25.1,<1.26"

[[package]]
category = "main"
description = "Efficient signal resampling"
name = "resampy"
optional = false
python-versions = "*"
version = "0.2.2"

[package.dependencies]
numba = ">=0.32"
numpy = ">=1.10"
scipy = ">=0.13"
six = ">=1.3"

[[package]]
category = "main"
description = "A set of python modules for machine learning and data mining"
name = "scikit-learn"
optional = false
python-versions = ">=3.5"
version = "0.21.3"

[package.dependencies]
joblib = ">=0.11"
numpy = ">=1.11.0"
scipy = ">=0.17.0"

[[package]]
category = "main"
description = "SciPy: Scientific Library for Python"
name = "scipy"
optional = false
python-versions = ">=3.5"
version = "1.3.1"

[package.dependencies]
numpy = ">=1.13.3"

[[package]]
category = "main"
description = "Geometric objects, predicates, and operations"
name = "shapely"
optional = false
python-versions = "*"
version = "1.6.4.post2"

[[package]]
category = "main"
description = "Python 2 and 3 compatibility utilities"
name = "six"
optional = false
python-versions = ">=2.6, !=3.0.*, !=3.1.*"
version = "1.12.0"

[[package]]
category = "main"
description = "An audio library based on libsndfile, CFFI and NumPy"
name = "soundfile"
optional = false
python-versions = "*"
version = "0.10.2"

[package.dependencies]
cffi = ">=1.0"

[[package]]
category = "main"
description = "Database Abstraction Library"
name = "sqlalchemy"
optional = false
python-versions = ">=2.7, !=3.0.*, !=3.1.*, !=3.2.*, !=3.3.*"
version = "1.3.2"

[[package]]
category = "main"
description = "Various utility functions for SQLAlchemy."
name = "sqlalchemy-utils"
optional = false
python-versions = "*"
version = "0.34.2"

[package.dependencies]
SQLAlchemy = ">=1.0"
six = "*"

[[package]]
category = "main"
description = "The little ASGI library that shines."
name = "starlette"
optional = false
python-versions = ">=3.6"
version = "0.11.1"

[[package]]
category = "main"
description = "The most basic Text::Unidecode port"
name = "text-unidecode"
optional = false
python-versions = "*"
version = "1.2"

[[package]]
category = "main"
description = "ASCII transliterations of Unicode text"
name = "unidecode"
optional = false
python-versions = "*"
version = "1.0.23"

[[package]]
category = "main"
description = "HTTP library with thread-safe connection pooling, file post, and more."
name = "urllib3"
optional = false
python-versions = ">=2.7, !=3.0.*, !=3.1.*, !=3.2.*, !=3.3.*, <4"
version = "1.25.3"

[[package]]
category = "main"
description = "The lightning-fast ASGI server."
name = "uvicorn"
optional = false
python-versions = "*"
version = "0.6.1"

[package.dependencies]
click = ">=7.0.0,<8.0.0"
h11 = ">=0.8.0,<0.9.0"
httptools = "0.0.13"
uvloop = ">=0.12.0,<0.13.0"
websockets = ">=7.0.0,<8.0.0"

[[package]]
category = "main"
description = "Fast implementation of asyncio event loop on top of libuv"
marker = "sys_platform != \"win32\" and sys_platform != \"cygwin\" and platform_python_implementation != \"pypy\""
name = "uvloop"
optional = false
python-versions = "*"
version = "0.12.2"

[[package]]
category = "main"
description = "An implementation of the WebSocket Protocol (RFC 6455 & 7692)"
name = "websockets"
optional = false
python-versions = ">=3.4"
version = "7.0"

[metadata]
content-hash = "2c966d0e21c2331275fdbec5bc534eb00893666693b4763cd58a560f0e18fb09"
python-versions = "^3.7"

[metadata.hashes]
alembic = ["505d41e01dc0c9e6d85c116d0d35dbb0a833dcb490bf483b75abeb06648864e8"]
asyncpg = ["0677714b26b48d63db728867b812ef365ec3879d2be6fa1c9cf4328503f9a464", "2dee4fb251139f1c1ee4bd9959d516f930f4da37a2f33b07c2b902b837a76666", "378a7ef11ce7b35f11eb816e5252bc1e779119f7583a872233b45a76effac02e", "4539bc2e63600a1ee999086bbb59bf717ab32ea771ac20b5b792a2234633b5fb", "4a779a85302241782bed8ed0f2bcb38544805b3e107b16ee7489c5818d8f4228", "51a3d67a3fa43112b17ec510338723932e1e0611ad99a146acc9960d32210196", "58a5eccaac60fd326e32683226efe1046bfea558fa043360bdd1708e0e812c67", "814343dc2baa489a11521ff9fad68f337a05c9ae0461fdf9f1ec7ac3541c13a9", "84084f7dfed0b2d397a0c2fd7eaf29b01904c74f4320e5fe95ad3042042cf188", "89e727fdba05d90a0156d9d18932fd44a2baa84e90e3368573f432a308ad8fd7", "ab8b9d367e3ef48f35a059642940714a2bda7a7fce8b017b21bfbc4f8fbf8f5f", "c1fe1f0ef848f0f17bf63b90a4c3f446a14e4c899d8531ea988109cc0de014e5", "cc7aa61bf41273ee5d4c11e0e72c0d9340e9c4dbf752464ae2b6816abadaabce", "d5450bdf8631fa1200c08a2e70cab06c2e8c09ef608629908531513444d12858", "fd2d13da29f55c2c71b1acc9d9f107c7a5176fffb3f62ff503f2b300f7ecd74e", "fd35a8082b97d5b97d26bcd1b010fdd65a56311d7a02bf2a7e2c56810b9961a7"]
audioread = ["073904fabc842881e07bd3e4a5776623535562f70b1655b635d22886168dd168"]
bcrypt = ["0ba875eb67b011add6d8c5b76afbd92166e98b1f1efab9433d5dc0fafc76e203", "21ed446054c93e209434148ef0b362432bb82bbdaf7beef70a32c221f3e33d1c", "28a0459381a8021f57230954b9e9a65bb5e3d569d2c253c5cac6cb181d71cf23", "2aed3091eb6f51c26b7c2fad08d6620d1c35839e7a362f706015b41bd991125e", "2fa5d1e438958ea90eaedbf8082c2ceb1a684b4f6c75a3800c6ec1e18ebef96f", "3a73f45484e9874252002793518da060fb11eaa76c30713faa12115db17d1430", "3e489787638a36bb466cd66780e15715494b6d6905ffdbaede94440d6d8e7dba", "44636759d222baa62806bbceb20e96f75a015a6381690d1bc2eda91c01ec02ea", "678c21b2fecaa72a1eded0cf12351b153615520637efcadc09ecf81b871f1596", "75460c2c3786977ea9768d6c9d8957ba31b5fbeb0aae67a5c0e96aab4155f18c", "8ac06fb3e6aacb0a95b56eba735c0b64df49651c6ceb1ad1cf01ba75070d567f", "8fdced50a8b646fff8fa0e4b1c5fd940ecc844b43d1da5a980cb07f2d1b1132f", "9b2c5b640a2da533b0ab5f148d87fb9989bf9bcb2e61eea6a729102a6d36aef9", "a9083e7fa9adb1a4de5ac15f9097eb15b04e2c8f97618f1b881af40abce382e1", "b7e3948b8b1a81c5a99d41da5fb2dc03ddb93b5f96fcd3fd27e643f91efa33e1", "b998b8ca979d906085f6a5d84f7b5459e5e94a13fc27c28a3514437013b6c2f6", "dd08c50bc6f7be69cd7ba0769acca28c846ec46b7a8ddc2acf4b9ac6f8a7457e", "de5badee458544ab8125e63e39afeedfcf3aef6a6e2282ac159c95ae7472d773", "ede2a87333d24f55a4a7338a6ccdccf3eaa9bed081d1737e0db4dbd1a4f7e6b6"]
certifi = ["046832c04d4e752f37383b628bc601a7ea7211496b4638f6514d0e5b9acc4939", "945e3ba63a0b9f577b1395204e13c3a231f9bc0223888be653286534e5873695"]
cffi = ["00b97afa72c233495560a0793cdc86c2571721b4271c0667addc83c417f3d90f", "0ba1b0c90f2124459f6966a10c03794082a2f3985cd699d7d63c4a8dae113e11", "0bffb69da295a4fc3349f2ec7cbe16b8ba057b0a593a92cbe8396e535244ee9d", "21469a2b1082088d11ccd79dd84157ba42d940064abbfa59cf5f024c19cf4891", "2e4812f7fa984bf1ab253a40f1f4391b604f7fc424a3e21f7de542a7f8f7aedf", "2eac2cdd07b9049dd4e68449b90d3ef1adc7c759463af5beb53a84f1db62e36c", "2f9089979d7456c74d21303c7851f158833d48fb265876923edcb2d0194104ed", "3dd13feff00bddb0bd2d650cdb7338f815c1789a91a6f68fdc00e5c5ed40329b", "4065c32b52f4b142f417af6f33a5024edc1336aa845b9d5a8d86071f6fcaac5a", "51a4ba1256e9003a3acf508e3b4f4661bebd015b8180cc31849da222426ef585", "59888faac06403767c0cf8cfb3f4a777b2939b1fbd9f729299b5384f097f05ea", "59c87886640574d8b14910840327f5cd15954e26ed0bbd4e7cef95fa5aef218f", "610fc7d6db6c56a244c2701575f6851461753c60f73f2de89c79bbf1cc807f33", "70aeadeecb281ea901bf4230c6222af0248c41044d6f57401a614ea59d96d145", "71e1296d5e66c59cd2c0f2d72dc476d42afe02aeddc833d8e05630a0551dad7a", "8fc7a49b440ea752cfdf1d51a586fd08d395ff7a5d555dc69e84b1939f7ddee3", "9b5c2afd2d6e3771d516045a6cfa11a8da9a60e3d128746a7fe9ab36dfe7221f", "9c759051ebcb244d9d55ee791259ddd158188d15adee3c152502d3b69005e6bd", "b4d1011fec5ec12aa7cc10c05a2f2f12dfa0adfe958e56ae38dc140614035804", "b4f1d6332339ecc61275bebd1f7b674098a66fea11a00c84d1c58851e618dc0d", "c030cda3dc8e62b814831faa4eb93dd9a46498af8cd1d5c178c2de856972fd92", "c2e1f2012e56d61390c0e668c20c4fb0ae667c44d6f6a2eeea5d7148dcd3df9f", "c37c77d6562074452120fc6c02ad86ec928f5710fbc435a181d69334b4de1d84", "c8149780c60f8fd02752d0429246088c6c04e234b895c4a42e1ea9b4de8d27fb", "cbeeef1dc3c4299bd746b774f019de9e4672f7cc666c777cd5b409f0b746dac7", "e113878a446c6228669144ae8a56e268c91b7f1fafae927adc4879d9849e0ea7", "e21162bf941b85c0cda08224dade5def9360f53b09f9f259adb85fc7dd0e7b35", "fb6934ef4744becbda3143d30c6604718871495a5e36c408431bf33d9c146889"]
chardet = ["84ab92ed1c4d4f16916e05906b6b75a6c0fb5db821cc65e70cbd64a3e2a5eaae", "fc323ffcaeaed0e0a02bf4d117757b98aed530d9ed4531e3e15460124c106691"]
click = ["2335065e6395b9e67ca716de5f7526736bfa6ceead690adf616d925bdc622b13", "5b94b49521f6456670fdb30cd82a4eca9412788a93fa6dd6df72c94d5a8ff2d7"]
cryptography = ["02079a6addc7b5140ba0825f542c0869ff4df9a69c360e339ecead5baefa843c", "1df22371fbf2004c6f64e927668734070a8953362cd8370ddd336774d6743595", "369d2346db5934345787451504853ad9d342d7f721ae82d098083e1f49a582ad", "3cda1f0ed8747339bbdf71b9f38ca74c7b592f24f65cdb3ab3765e4b02871651", "44ff04138935882fef7c686878e1c8fd80a723161ad6a98da31e14b7553170c2", "4b1030728872c59687badcca1e225a9103440e467c17d6d1730ab3d2d64bfeff", "58363dbd966afb4f89b3b11dfb8ff200058fbc3b947507675c19ceb46104b48d", "6ec280fb24d27e3d97aa731e16207d58bd8ae94ef6eab97249a2afe4ba643d42", "7270a6c29199adc1297776937a05b59720e8a782531f1f122f2eb8467f9aab4d", "73fd30c57fa2d0a1d7a49c561c40c2f79c7d6c374cc7750e9ac7c99176f6428e", "7f09806ed4fbea8f51585231ba742b58cbcfbfe823ea197d8c89a5e433c7e912", "90df0cc93e1f8d2fba8365fb59a858f51a11a394d64dbf3ef844f783844cc793", "971221ed40f058f5662a604bd1ae6e4521d84e6cad0b7b170564cc34169c8f13", "a518c153a2b5ed6b8cc03f7ae79d5ffad7315ad4569b2d5333a13c38d64bd8d7", "b0de590a8b0979649ebeef8bb9f54394d3a41f66c5584fff4220901739b6b2f0", "b43f53f29816ba1db8525f006fa6f49292e9b029554b3eb56a189a70f2a40879", "d31402aad60ed889c7e57934a03477b572a03af7794fa8fb1780f21ea8f6551f", "de96157ec73458a7f14e3d26f17f8128c959084931e8997b9e655a39c8fde9f9", "df6b4dca2e11865e6cfbfb708e800efb18370f5a46fd601d3755bc7f85b3a8a2", "ecadccc7ba52193963c0475ac9f6fa28ac01e01349a2ca48509667ef41ffd2cf", "fb81c17e0ebe3358486cd8cc3ad78adbae58af12fc2bf2bc0bb84e8090fa5ce8"]
databases = ["da819f7e00dc7d8c2f0585ec53aa49bae63b366f800506097db2e87972a4d44f"]
decorator = ["86156361c50488b84a3f148056ea716ca587df2f0de1d34750d35c21312725de", "f069f3a01830ca754ba5258fde2278454a0b5b79e0d7f5c13b3b97e57d4acff6"]
dnspython = ["36c5e8e38d4369a08b6780b7f27d790a292b2b08eea01607865bf0936c558e01", "f69c21288a962f4da86e56c4905b49d11aba7938d3d740e80d9e366ee4f1632d"]
email-validator = ["ddc4b5b59fa699bb10127adcf7ad4de78fde4ec539a072b104b8bb16da666ae5"]
fastapi = ["3104cc95fcfbfc08d16b4d133826c600f8d483cf4d4917ab82b53c37942e9de5", "5d3bbd1cf04bae3914bf93aa5f704a0931853e6a3a8065518c59b45433f20c27"]
geoalchemy2 = ["0d1c9ea3ec13f6a522ccc3ffd2569ac524a6c6e80bab883e8805b28c48e77143", "4dc4c6c2bda0fc82cccab4aaff185a6570e13a5351d85e29e12984a55d4138ee"]
gunicorn = ["aa8e0b40b4157b36a5df5e599f45c9c76d6af43845ba3b3b0efe2c70473c2471", "fa2662097c66f920f53f70621c6c58ca4a3c4d3434205e608e121b5b3b71f4f3"]
h11 = ["acca6a44cb52a32ab442b1779adf0875c443c689e9e028f8d831a3769f9c5208", "f2b1ca39bfed357d1f19ac732913d5f9faa54a5062eca7d2ec3a916cfb7ae4c7"]
httptools = ["e00cbd7ba01ff748e494248183abc6e153f49181169d8a3d41bb49132ca01dfc"]
idna = ["c357b3f628cf53ae2c4c05627ecc484553142ca23264e593d327bcde5e9c3407", "ea8b7f6188e6fa117537c3df7da9fc686d485087abf6ac197f9c46432f7e4a3c"]
joblib = ["21e0c34a69ad7fde4f2b1f3402290e9ec46f545f15f1541c582edfe05d87b63a", "315d6b19643ec4afd4c41c671f9f2d65ea9d787da093487a81ead7b0bac94524"]
jwt = ["f78e4c06370b23c643ad66192c80c0b36d4b1e8e2d6458f177a3962c90ee74d5"]
librosa = ["f9459dabe09e056e1cba39fe01365e50fb03db2f70f8673cfb2705353b759b81"]
llvmlite = ["0c3d593de39ea75bb72011dfb49657677eade16eb9958865acc7773d13827424", "1948dbefe77862c48dacb1f7a131ff1077fa0cc0afadd312d25d80fe6fc920ef", "1f2424dfbc1f459aab3ed0a855b8ee1e88695cf6824343a116eb21cb6dc35ca1", "2b74a3edf542004edcf9cdb47e05ea481b33e01f633ce45ea0c68124ebf50647", "3adb0d4c9a17ad3dca82c7e88118babd61eeee0ee985ce31fa43ec27aa98c963", "52886658699f70de42ec6aeba6982a1fc8fa05a69ef10b8094eaa54e883d749e", "54ba8043c38aeff34679a4e9ea31c1cd6539bce7b221108ef0951e5480ee934b", "59554474a84585a3d84d5ef3ea05e24b3687c091d6839a4da7dac496164bd1ab", "61e3f5e9a6fad63af1cb7f7d414dc4da260d315885fdc6cc252641fc911f9dec", "6af0f4eaa07ac1565ecb5bc64fee8b047763cca61520e23c8ab13316058c0f06", "8b24b13849b56cf94b9f3fcc1b7c54a89745589da23d800ace4675242266506e", "914de70f70efe016461eb0c16deb9734529575f206f0835e0035491bcbdd9422", "9b4bebf5ea91a389798fe3b84436f03e014553fc156389bf810be7c7479f71d6", "9c75225903928fcef35fdda9bfb80460f90f12c442cb85bf524f91d9874fb17d", "9c9cb21527cff7e7e7ab17f13c335cf66fe2c219309fd6693aab6c0edaf422d0", "a1090704f44a2f2b1b6f69ec0bcf9c7179d16917b2ab9799af9e70130420c35d", "b51863eb1dc5397070e37124665dd472770d685cfff24546bacf3a779a5a8c32", "bd68e01f1444e38983a364ad1810bdaf3eb59ca1fe8aff4a33cc17a90cb9fcdb", "c4e02a7496f43306d359edf22770014b650291978f5ad2a7a172e187ee3fd1e3", "c8f3012179f2352badaf91c9d148814f0dcefb06951b313087585f5ff80b40a7", "c8f7099f31e3ba8257777d179e0186a80ec7a810ae4500da8aa6254017adc7bf", "d49e0bd0f8c6a9769260b95c455fdfb6321448948b248b57d039d5b8baaaddf5", "dc8ac5f3b65cc7b50f4b777afb71b4e2896ecbbaf07657a6fc789098603e38e7", "e47797cd29746c121e04ddef53d6f392fb6f684d99d86812951ec09df35dd717", "eb731ca9d435df4745cd311c0bccf97034ec8535f22bff1cc866995bf56e24ec", "f0f93e0e0644dfb635f258d48971827236c3a235811f179465a16040b8f21228", "f5d957dcb16756a795216515ade71433160f7485767ae14bdc429d5c9c40d624", "f9e01202420ffa13109370181b14e8391e1f3213bba526b2720a86d8481e2037", "fe2aef8ad7a9f8306802a4b826b192de63dcf5a980343966773698c37cf90da6"]
mako = ["04092940c0df49b01f43daea4f5adcecd0e50ef6a4b222be5ac003d5d84b2843"]
markupsafe = ["00bc623926325b26bb9605ae9eae8a215691f33cae5df11ca5424f06f2d1f473", "09027a7803a62ca78792ad89403b1b7a73a01c8cb65909cd876f7fcebd79b161", "09c4b7f37d6c648cb13f9230d847adf22f8171b1ccc4d5682398e77f40309235", "1027c282dad077d0bae18be6794e6b6b8c91d58ed8a8d89a89d59693b9131db5", "24982cc2533820871eba85ba648cd53d8623687ff11cbb805be4ff7b4c971aff", "29872e92839765e546828bb7754a68c418d927cd064fd4708fab9fe9c8bb116b", "43a55c2930bbc139570ac2452adf3d70cdbb3cfe5912c71cdce1c2c6bbd9c5d1", "46c99d2de99945ec5cb54f23c8cd5689f6d7177305ebff350a58ce5f8de1669e", "500d4957e52ddc3351cabf489e79c91c17f6e0899158447047588650b5e69183", "535f6fc4d397c1563d08b88e485c3496cf5784e927af890fb3c3aac7f933ec66", "62fe6c95e3ec8a7fad637b7f3d372c15ec1caa01ab47926cfdf7a75b40e0eac1", "6dd73240d2af64df90aa7c4e7481e23825ea70af4b4922f8ede5b9e35f78a3b1", "717ba8fe3ae9cc0006d7c451f0bb265ee07739daf76355d06366154ee68d221e", "79855e1c5b8da654cf486b830bd42c06e8780cea587384cf6545b7d9ac013a0b", "7c1699dfe0cf8ff607dbdcc1e9b9af1755371f92a68f706051cc8c37d447c905", "88e5fcfb52ee7b911e8bb6d6aa2fd21fbecc674eadd44118a9cc3863f938e735", "8defac2f2ccd6805ebf65f5eeb132adcf2ab57aa11fdf4c0dd5169a004710e7d", "98c7086708b163d425c67c7a91bad6e466bb99d797aa64f965e9d25c12111a5e", "9add70b36c5666a2ed02b43b335fe19002ee5235efd4b8a89bfcf9005bebac0d", "9bf40443012702a1d2070043cb6291650a0841ece432556f784f004937f0f32c", "ade5e387d2ad0d7ebf59146cc00c8044acbd863725f887353a10df825fc8ae21", "b00c1de48212e4cc9603895652c5c410df699856a2853135b3967591e4beebc2", "b1282f8c00509d99fef04d8ba936b156d419be841854fe901d8ae224c59f0be5", "b2051432115498d3562c084a49bba65d97cf251f5a331c64a12ee7e04dacc51b", "ba59edeaa2fc6114428f1637ffff42da1e311e29382d81b339c1817d37ec93c6", "c8716a48d94b06bb3b2524c2b77e055fb313aeb4ea620c8dd03a105574ba704f", "cd5df75523866410809ca100dc9681e301e3c27567cf498077e8551b6d20e42f", "e249096428b3ae81b08327a63a485ad0878de3fb939049038579ac0ef61e17e7"]
numba = ["045b182f08cf4afeaa9e43ee196e0ab51aa724e1f841befa7beec0d7a3221dcb", "04a5a469ce31a96c57c900b190b296634b616098a1d17a11ce5bcbfc52a793e7", "1daf5127236c620613d639dd8d381ef7baec714a7fb14b74e53a57655f48d69e", "3487326010f0752b135a943b7dde435781a495e7d8322543c495b89cd0b17baf", "41376e8635fa43743ca7ff9b4fb503c0c3315a9243d523b5870207d6199bdfd9", "46a671a1bf39eb6f96ecd90db2eb1b1072aab038dec7facdc711fc181a4e5467", "4fbbd0149b1fb0240e30cd90b0839465400b2419e679933f6ce38f2a83cc7638", "56f4a8380e21521bec0e3514ad001d5d87d5f7868c6db0d4b71ada69f0226ed6", "573df6dd2f88f86964dc5fa19e1fb7749f7ce9a1c0c4b9c042d1e6bb9f45282b", "5b0ef46cdaa030a5f9cbbe468c7e7567aaa673caff438a4134a8f00fcd3c7270", "6b1300179f1f66fd0d3b159c8ccebecdfe1c56792841f5d614748f8bd929e167", "7739204244f2bc4265f3f09ad37acd35ea713deca926d2021512eadbaec703eb", "a6e8dd91e6975176944c2969bc22dc68608b680859beafc56e687d9459e0df09", "b189f342968dede7d213fefab77193da6015d3b6c1eace3bf6990865ece094c7", "b45f5a6b163dec4262e64188dd29728dc9c1e48fea796b168dfe24e21c1e0dd7", "bdbc97fb1232a59bf73a1132fd837b5708c5b88f9d13ea925e9b8cc5c742329f", "bf740193bc932a6141908d1dfe297fb25a03219e96412244eba81c89b17f3af0", "cb4c1d89b0f0c39aec911cc4023c7caf1599585f6d671a7191f07322bf13fb25", "dda3fbf43967999da3a6b53e88600015e1afaf55e300be300ae105004c3f34c4", "ed18d783c4d88f6c82ddaf075e197d25a5ca608362681c25c231f69cd4a21abd", "f02ec4eba07311ea403fd5fa84a8e2d68f6d1c740263c1bf4b26c8d3f68465c3"]
numpy = ["05dbfe72684cc14b92568de1bc1f41e5f62b00f714afc9adee42f6311738091f", "0d82cb7271a577529d07bbb05cb58675f2deb09772175fab96dc8de025d8ac05", "10132aa1fef99adc85a905d82e8497a580f83739837d7cbd234649f2e9b9dc58", "12322df2e21f033a60c80319c25011194cd2a21294cc66fee0908aeae2c27832", "16f19b3aa775dddc9814e02a46b8e6ae6a54ed8cf143962b4e53f0471dbd7b16", "3d0b0989dd2d066db006158de7220802899a1e5c8cf622abe2d0bd158fd01c2c", "438a3f0e7b681642898fd7993d38e2bf140a2d1eafaf3e89bb626db7f50db355", "5fd214f482ab53f2cea57414c5fb3e58895b17df6e6f5bca5be6a0bb6aea23bb", "73615d3edc84dd7c4aeb212fa3748fb83217e00d201875a47327f55363cef2df", "7bd355ad7496f4ce1d235e9814ec81ee3d28308d591c067ce92e49f745ba2c2f", "7d077f2976b8f3de08a0dcf5d72083f4af5411e8fddacd662aae27baa2601196", "a4092682778dc48093e8bda8d26ee8360153e2047826f95a3f5eae09f0ae3abf", "b458de8624c9f6034af492372eb2fee41a8e605f03f4732f43fc099e227858b2", "e70fc8ff03a961f13363c2c95ef8285e0cf6a720f8271836f852cc0fa64e97c8", "ee8e9d7cad5fe6dde50ede0d2e978d81eafeaa6233fb0b8719f60214cf226578", "f4a4f6aba148858a5a5d546a99280f71f5ee6ec8182a7d195af1a914195b21a2"]
passlib = ["3d948f64138c25633613f303bcc471126eae67c04d5e3f6b7b8ce6242f8653e0", "43526aea08fa32c6b6dbbbe9963c4c767285b78147b7437597f992812f69d280"]
psycopg2-binary = ["163d3ee445a0b4c0109877da9e46271aacf4e5e3d60ae7368669555c30f13e7c", "1af0bfe7b0c13a0e613a27311fd4f9c5d024e8fc0f4b3d284e7df02a58a11fc0", "2169c3a1bf52d5b30cc98625b5919a964c571a32e8646be20be6c7e3e82079de", "218f079fa48e2ef812dc3d3ce6ec2f67ac56427ba4b038d5d6331f2cceb489c2", "26a958930687e94c4c6c73c171e4d4783b82ae4e16aa3424e6bcd4529bceedf0", "2c7c195aef3acdbc853942bc674844031a732890d2fee88a324298ed376b6c2b", "2ecdbfed7004669472bfa27c8d51012c717c241c7154ae17e4c8f93024043525", "345fc31b71a90ada1b51826537917b19a1af685a91c0f066787069c184d7d00f", "378a06649503f548be5f1e9eec2e94cc1d6138250b82a08dcc6151bca8cec107", "3f300bf2930e501dde09605de85cb2b84c2638e2c954be02a3c86f28176d3525", "6c2f66c653ce8bbd7e789d0f7f92c3f9fea881b55226f0ae5ee550cce9e3cf0e", "6fccbac2633831b877a8fbf865f7082d34895e82a015795a9f80f99a2efe2576", "7a166f8ccb6888358d3e67795b057540ea7caa71ab9e089b0cb0097f01088965", "8f6b84f887ec6fef6c1796779f8ec2603dc7e9ef52bc9269de719d4bcbdaebbb", "92cf3ceb7bb90cf35b8bd993c640b15d4832ba0e142a3b9da5006ef217da595d", "a20dfdf73f56da674926a3811929cff9fd23b9af90be9a6c36ac246a3486eef3", "a84415df4689251556c961e4fe3b25d30e32f00faa8064ce0909458dbe0d67b2", "ab1aa1cd50df3860f624c9713ee9e690eefd4e049d3a4d86577bab6e741e9616", "abc9dcf85e75a8687f2a6d560c0c1a2593e8e34ba6f9ad6721f8212c5de179a2", "c10454710a81a2f4b1ff4d1c83ac2cec63e0e55845a56324991514af5b1299d0", "c38f80719e4dfae7a6311a4f091f07f4fb2fb5d602352015d5639f63f8fabb68", "d75cf00605630b2cfefa5c62373c605dcda1cc0d607902847dbb8e8e9b67c1ce", "dce15cb6ef604c9e38fdaa848f58f83153ade9f4aa5e4cf5812aa27163561750", "e7e0db4311bb76bf3f6e0380f71912cfa6d0be7cc635e3772476050b0dabdabd", "eac59cae78dfe3fbf7ece25c170d7a152f88df7643381aa5e7344c2028a8d8d4", "ead7b3e1567bd14cacd44279c5e42cd19f54b9feed39180220253f4fbe3abd56", "ed772a5e8e7e5dd6bede960a86940c17cf653c7f158dafa5d52e919b676f10ba", "f2d73131acb94afa45de8b6b8a4bfb21bbe3736633d6478e53247f19dd8c299c"]
pycparser = ["a988718abfad80b6b157acce7bf130a30876d27603738ac39f140993246b25b3"]
pydantic = ["93fa585402e7c8c01623ea8af6ca23363e8b4c6a020b7a2de9e99fa29d642d50", "eb441dd50779347a450494c437db3ecbb13c1f3854497df879662782af516c5c"]
pyjwt = ["5c6eca3c2940464d106b99ba83b00c6add741c9becaec087fb7ccdefea71350e", "8d59a976fb773f3e6a39c85636357c4f0e242707394cadadd9814f5cbaa20e96"]
python-dateutil = ["7e6584c74aeed623791615e26efd690f29817a27c73085b78e4bad02493df2fb", "c89805f6f4d64db21ed966fda138f8a5ed7a4fdbc1a8ee329ce1b74e3c74da9e"]
python-dotenv = ["a84569d0e00d178bc5b957f7ff208bf49287cbf61857c31c258c4a91f571527b", "c9b1ddd3cdbe75c7d462cb84674d87130f4b948f090f02c7d7144779afb99ae0"]
python-editor = ["1bf6e860a8ad52a14c3ee1252d5dc25b2030618ed80c022598f00176adc8367d", "51fda6bcc5ddbbb7063b2af7509e43bd84bfc32a4ff71349ec7847713882327b", "5f98b069316ea1c2ed3f67e7f5df6c0d8f10b689964a4a811ff64f0106819ec8", "c3da2053dbab6b29c94e43c486ff67206eafbe7eb52dbec7390b5e2fb05aac77", "ea87e17f6ec459e780e4221f295411462e0d0810858e055fc514684350a2f522"]
python-multipart = ["f7bb5f611fc600d15fa47b3974c8aa16e93724513b49b5f95c81e6624c83fa43"]
python-slugify = ["57163ffb345c7e26063435a27add1feae67fa821f1ef4b2f292c25847575d758"]
requests = ["11e007a8a2aa0323f5a921e9e6a2d7e4e67d9877e85773fba9ba6419025cbeb4", "9cf5292fcd0f598c671cfc1e0d7d1a7f13bb8085e9a590f48c010551dc6c4b31"]
resampy = ["62af020d8a6674d8117f62320ce9470437bb1d738a5d06cd55591b69b463929e"]
scikit-learn = ["1ac81293d261747c25ea5a0ee8cd2bb1f3b5ba9ec05421a7f9f0feb4eb7c4116", "289361cf003d90b007f5066b27fcddc2d71324c82f1c88e316fedacb0dfdd516", "3a14d0abd4281fc3fd2149c486c3ec7cedad848b8d5f7b6f61522029d65a29f8", "5083a5e50d9d54548e4ada829598ae63a05651dd2bb319f821ffd9e8388384a6", "777cdd5c077b7ca9cb381396c81990cf41d2fa8350760d3cad3b4c460a7db644", "8bf2ff63da820d09b96b18e88f9625228457bff8df4618f6b087e12442ef9e15", "8d319b71c449627d178f21c57614e21747e54bb3fc9602b6f42906c3931aa320", "928050b65781fea9542dfe9bfe02d8c4f5530baa8472ec60782ea77347d2c836", "92c903613ff50e22aa95d589f9fff5deb6f34e79f7f21f609680087f137bb524", "ae322235def5ce8fae645b439e332e6f25d34bb90d6a6c8e261f17eb476457b7", "c1cd6b29eb1fd1cc672ac5e4a8be5f6ea936d094a3dc659ada0746d6fac750b1", "c41a6e2685d06bcdb0d26533af2540f54884d40db7e48baed6a5bcbf1a7cc642", "d07fcb0c0acbc043faa0e7cf4d2037f71193de3fb04fb8ed5c259b089af1cf5c", "d146d5443cda0a41f74276e42faf8c7f283fef49e8a853b832885239ef544e05", "eb2b7bed0a26ba5ce3700e15938b28a4f4513578d3e54a2156c29df19ac5fd01", "eb9b8ebf59eddd8b96366428238ab27d05a19e89c5516ce294abc35cea75d003"]
scipy = ["0baa64bf42592032f6f6445a07144e355ca876b177f47ad8d0612901c9375bef", "243b04730d7223d2b844bda9500310eecc9eda0cba9ceaf0cde1839f8287dfa8", "2643cfb46d97b7797d1dbdb6f3c23fe3402904e3c90e6facfe6a9b98d808c1b5", "396eb4cdad421f846a1498299474f0a3752921229388f91f60dc3eda55a00488", "3ae3692616975d3c10aca6d574d6b4ff95568768d4525f76222fb60f142075b9", "435d19f80b4dcf67dc090cc04fde2c5c8a70b3372e64f6a9c58c5b806abfa5a8", "46a5e55850cfe02332998b3aef481d33f1efee1960fe6cfee0202c7dd6fc21ab", "75b513c462e58eeca82b22fc00f0d1875a37b12913eee9d979233349fce5c8b2", "7ccfa44a08226825126c4ef0027aa46a38c928a10f0a8a8483c80dd9f9a0ad44", "89dd6a6d329e3f693d1204d5562dd63af0fd7a17854ced17f9cbc37d5b853c8d", "a81da2fe32f4eab8b60d56ad43e44d93d392da228a77e229e59b51508a00299c", "a9d606d11eb2eec7ef893eb825017fbb6eef1e1d0b98a5b7fc11446ebeb2b9b1", "ac37eb652248e2d7cbbfd89619dce5ecfd27d657e714ed049d82f19b162e8d45", "cbc0611699e420774e945f6a4e2830f7ca2b3ee3483fca1aa659100049487dd5", "d02d813ec9958ed63b390ded463163685af6025cb2e9a226ec2c477df90c6957", "dd3b52e00f93fd1c86f2d78243dfb0d02743c94dd1d34ffea10055438e63b99d"]
shapely = ["0378964902f89b8dbc332e5bdfa08e0bc2f7ab39fecaeb17fbb2a7699a44fe71", "34e7c6f41fb27906ccdf2514ee44a5774b90b39a256b6511a6a57d11ffe64999", "3ca69d4b12e2b05b549465822744b6a3a1095d8488cc27b2728a06d3c07d0eee", "3e9388f29bd81fcd4fa5c35125e1fbd4975ee36971a87a90c093f032d0e9de24", "3ef28e3f20a1c37f5b99ea8cf8dcb58e2f1a8762d65ed2d21fd92bf1d4811182", "523c94403047eb6cacd7fc1863ebef06e26c04d8a4e7f8f182d49cd206fe787e", "5d22a1a705c2f70f61ccadc696e33d922c1a92e00df8e1d58a6ade14dd7e3b4f", "714b6680215554731389a1bbdae4cec61741aa4726921fa2b2b96a6f578a2534", "7dfe1528650c3f0dc82f41a74cf4f72018288db9bfb75dcd08f6f04233ec7e78", "ba58b21b9cf3c33725f7f530febff9ed6a6846f9d0bf8a120fc74683ff919f89", "c4b87bb61fc3de59fc1f85e71a79b0c709dc68364d9584473697aad4aa13240f", "ebb4d2bee7fac3f6c891fcdafaa17f72ab9c6480f6d00de0b2dc9a5137dfe342"]
six = ["3350809f0555b11f552448330d0b52d5f24c91a322ea4a15ef22629740f3761c", "d16a0141ec1a18405cd4ce8b4613101da75da0e9a7aec5bdd4fa804d0e0eba73"]
soundfile = ["181393f8daac38bda997c4284b760bcd726dc0e847f620020d7bf2d3d538a985", "3f90971bb1884575ada9a0731e878c91cc1ffde14a778f0857deaa2fd04849ac", "637f6218c867b8cae80f6989634a0813b416b3e6132480d056e6e5a89a921571", "7fe04272cbfb94ab648acb0db31ace0800f5a4cf46e9d45b4d71ddb15abce1a0", "80a3d2ed37199ffa7066c097d7b82b8413922e22870b62b54dc264bf0169f4c2"]
sqlalchemy = ["d5432832f91d200c3d8b473a266d59442d825f9ea744c467e68c5d9a9479fbce"]
sqlalchemy-utils = ["6689b29d7951c5c7c4d79fa6b8c95f9ff9ec708b07aa53f82060599bd14dcc88"]
starlette = ["9d48b35d1fc7521d59ae53c421297ab3878d3c7cd4b75266d77f6c73cccb78bb"]
text-unidecode = ["5a1375bb2ba7968740508ae38d92e1f889a0832913cb1c447d5e2046061a396d", "801e38bd550b943563660a91de8d4b6fa5df60a542be9093f7abf819f86050cc"]
unidecode = ["092cdf7ad9d1052c50313426a625b717dab52f7ac58f859e09ea020953b1ad8f", "8b85354be8fd0c0e10adbf0675f6dc2310e56fda43fa8fe049123b6c475e52fb"]
urllib3 = ["b246607a25ac80bedac05c6f282e3cdaf3afb65420fd024ac94435cabe6e18d1", "dbe59173209418ae49d485b87d1681aefa36252ee85884c31346debd19463232"]
uvicorn = ["4d7db1e99a2749fb3b97e21bd4a70ff49621e6be03591a09d76c24fbcc30ea45"]
uvloop = ["0fcd894f6fc3226a962ee7ad895c4f52e3f5c3c55098e21efb17c071849a0573", "2f31de1742c059c96cb76b91c5275b22b22b965c886ee1fced093fa27dde9e64", "459e4649fcd5ff719523de33964aa284898e55df62761e7773d088823ccbd3e0", "67867aafd6e0bc2c30a079603a85d83b94f23c5593b3cc08ec7e58ac18bf48e5", "8c200457e6847f28d8bb91c5e5039d301716f5f2fce25646f5fb3fd65eda4a26", "958906b9ca39eb158414fbb7d6b8ef1b7aee4db5c8e8e5d00fcbb69a1ce9dca7", "ac1dca3d8f3ef52806059e81042ee397ac939e5a86c8a3cea55d6b087db66115", "b284c22d8938866318e3b9d178142b8be316c52d16fcfe1560685a686718a021", "c48692bf4587ce281d641087658eca275a5ad3b63c78297bbded96570ae9ce8f", "fefc3b2b947c99737c348887db2c32e539160dcbeb7af9aa6b53db7a283538fe"]
websockets = ["04b42a1b57096ffa5627d6a78ea1ff7fad3bc2c0331ffc17bc32a4024da7fea0", "08e3c3e0535befa4f0c4443824496c03ecc25062debbcf895874f8a0b4c97c9f", "10d89d4326045bf5e15e83e9867c85d686b612822e4d8f149cf4840aab5f46e0", "232fac8a1978fc1dead4b1c2fa27c7756750fb393eb4ac52f6bc87ba7242b2fa", "4bf4c8097440eff22bc78ec76fe2a865a6e658b6977a504679aaf08f02c121da", "51642ea3a00772d1e48fb0c492f0d3ae3b6474f34d20eca005a83f8c9c06c561", "55d86102282a636e195dad68aaaf85b81d0bef449d7e2ef2ff79ac450bb25d53", "564d2675682bd497b59907d2205031acbf7d3fadf8c763b689b9ede20300b215", "5d13bf5197a92149dc0badcc2b699267ff65a867029f465accfca8abab95f412", "5eda665f6789edb9b57b57a159b9c55482cbe5b046d7db458948370554b16439", "5edb2524d4032be4564c65dc4f9d01e79fe8fad5f966e5b552f4e5164fef0885", "79691794288bc51e2a3b8de2bc0272ca8355d0b8503077ea57c0716e840ebaef", "7fcc8681e9981b9b511cdee7c580d5b005f3bb86b65bde2188e04a29f1d63317", "8e447e05ec88b1b408a4c9cde85aa6f4b04f06aa874b9f0b8e8319faf51b1fee", "90ea6b3e7787620bb295a4ae050d2811c807d65b1486749414f78cfd6fb61489", "9e13239952694b8b831088431d15f771beace10edfcf9ef230cefea14f18508f", "d40f081187f7b54d7a99d8a5c782eaa4edc335a057aa54c85059272ed826dc09", "e1df1a58ed2468c7b7ce9a2f9752a32ad08eac2bcd56318625c3647c2cd2da6f", "e98d0cec437097f09c7834a11c69d79fe6241729b23f656cfc227e93294fc242", "f8d59627702d2ff27cb495ca1abdea8bd8d581de425c56e93bff6517134e0a9b", "fc30cdf2e949a2225b012a7911d1d031df3d23e99b7eda7dfc982dc4a860dae9"]
